// !$*UTF8*$!
{
	archiveVersion = 1;
	classes = {
	};
	objectVersion = 56;
	objects = {

/* Begin PBXBuildFile section */
		061611432DCD490C000780AD /* Assets.xcassets in Resources */ = {isa = PBXBuildFile; fileRef = 061611422DCD490C000780AD /* Assets.xcassets */; };
		061611462DCD490C000780AD /* Preview Assets.xcassets in Resources */ = {isa = PBXBuildFile; fileRef = 061611452DCD490C000780AD /* Preview Assets.xcassets */; };
		06577B682DCE63A300FE7BE8 /* FlashcardView.swift in Sources */ = {isa = PBXBuildFile; fileRef = 06577B622DCE63A300FE7BE8 /* FlashcardView.swift */; };
		06577B692DCE63A300FE7BE8 /* FlashcardModel.swift in Sources */ = {isa = PBXBuildFile; fileRef = 06577B642DCE63A300FE7BE8 /* FlashcardModel.swift */; };
		06577B6A2DCE63A300FE7BE8 /* FlashcardViewModel.swift in Sources */ = {isa = PBXBuildFile; fileRef = 06577B662DCE63A300FE7BE8 /* FlashcardViewModel.swift */; };
		06577B6C2DCE63DB00FE7BE8 /* RoboCardsApp.swift in Sources */ = {isa = PBXBuildFile; fileRef = 06577B6B2DCE63DB00FE7BE8 /* RoboCardsApp.swift */; };
		06577B6F2DCE6BC800FE7BE8 /* FlashcardService.swift in Sources */ = {isa = PBXBuildFile; fileRef = 06577B6D2DCE6BC800FE7BE8 /* FlashcardService.swift */; };
		06577B732DCE6E1000FE7BE8 /* flashcards.json in Resources */ = {isa = PBXBuildFile; fileRef = 06577B702DCE6BDA00FE7BE8 /* flashcards.json */; };
/* End PBXBuildFile section */

/* Begin PBXFileReference section */
		0616113B2DCD490A000780AD /* flashcards.app */ = {isa = PBXFileReference; explicitFileType = wrapper.application; includeInIndex = 0; path = flashcards.app; sourceTree = BUILT_PRODUCTS_DIR; };
		061611422DCD490C000780AD /* Assets.xcassets */ = {isa = PBXFileReference; lastKnownFileType = folder.assetcatalog; path = Assets.xcassets; sourceTree = "<group>"; };
		061611452DCD490C000780AD /* Preview Assets.xcassets */ = {isa = PBXFileReference; lastKnownFileType = folder.assetcatalog; path = "Preview Assets.xcassets"; sourceTree = "<group>"; };
		06577B622DCE63A300FE7BE8 /* FlashcardView.swift */ = {isa = PBXFileReference; fileEncoding = 4; lastKnownFileType = sourcecode.swift; path = FlashcardView.swift; sourceTree = "<group>"; };
		06577B642DCE63A300FE7BE8 /* FlashcardModel.swift */ = {isa = PBXFileReference; fileEncoding = 4; lastKnownFileType = sourcecode.swift; path = FlashcardModel.swift; sourceTree = "<group>"; };
		06577B662DCE63A300FE7BE8 /* FlashcardViewModel.swift */ = {isa = PBXFileReference; fileEncoding = 4; lastKnownFileType = sourcecode.swift; path = FlashcardViewModel.swift; sourceTree = "<group>"; };
		06577B6B2DCE63DB00FE7BE8 /* RoboCardsApp.swift */ = {isa = PBXFileReference; fileEncoding = 4; lastKnownFileType = sourcecode.swift; path = RoboCardsApp.swift; sourceTree = "<group>"; };
		06577B6D2DCE6BC800FE7BE8 /* FlashcardService.swift */ = {isa = PBXFileReference; fileEncoding = 4; lastKnownFileType = sourcecode.swift; path = FlashcardService.swift; sourceTree = "<group>"; };
		06577B702DCE6BDA00FE7BE8 /* flashcards.json */ = {isa = PBXFileReference; fileEncoding = 4; lastKnownFileType = text.json; path = flashcards.json; sourceTree = "<group>"; };
/* End PBXFileReference section */

/* Begin PBXFrameworksBuildPhase section */
		061611382DCD490A000780AD /* Frameworks */ = {
			isa = PBXFrameworksBuildPhase;
			buildActionMask = 2147483647;
			files = (
			);
			runOnlyForDeploymentPostprocessing = 0;
		};
/* End PBXFrameworksBuildPhase section */

/* Begin PBXGroup section */
		061611322DCD490A000780AD = {
			isa = PBXGroup;
			children = (
				0616113D2DCD490A000780AD /* flashcards */,
				0616113C2DCD490A000780AD /* Products */,
			);
			sourceTree = "<group>";
		};
		0616113C2DCD490A000780AD /* Products */ = {
			isa = PBXGroup;
			children = (
				0616113B2DCD490A000780AD /* flashcards.app */,
			);
			name = Products;
			sourceTree = "<group>";
		};
		0616113D2DCD490A000780AD /* flashcards */ = {
			isa = PBXGroup;
			children = (
				06577B652DCE63A300FE7BE8 /* Models */,
				06577B672DCE63A300FE7BE8 /* ViewModels */,
				06577B632DCE63A300FE7BE8 /* Views */,
				06577B6B2DCE63DB00FE7BE8 /* RoboCardsApp.swift */,
				061611422DCD490C000780AD /* Assets.xcassets */,
				061611442DCD490C000780AD /* Preview Content */,
			);
			path = flashcards;
			sourceTree = "<group>";
		};
		061611442DCD490C000780AD /* Preview Content */ = {
			isa = PBXGroup;
			children = (
				061611452DCD490C000780AD /* Preview Assets.xcassets */,
			);
			path = "Preview Content";
			sourceTree = "<group>";
		};
		06577B632DCE63A300FE7BE8 /* Views */ = {
			isa = PBXGroup;
			children = (
				06577B622DCE63A300FE7BE8 /* FlashcardView.swift */,
			);
			path = Views;
			sourceTree = "<group>";
		};
		06577B652DCE63A300FE7BE8 /* Models */ = {
			isa = PBXGroup;
			children = (
				06577B642DCE63A300FE7BE8 /* FlashcardModel.swift */,
			);
			path = Models;
			sourceTree = "<group>";
		};
		06577B672DCE63A300FE7BE8 /* ViewModels */ = {
			isa = PBXGroup;
			children = (
				06577B662DCE63A300FE7BE8 /* FlashcardViewModel.swift */,
				06577B712DCE6BDA00FE7BE8 /* Resources */,
				06577B6E2DCE6BC800FE7BE8 /* Services */,
			);
			path = ViewModels;
			sourceTree = "<group>";
		};
		06577B6E2DCE6BC800FE7BE8 /* Services */ = {
			isa = PBXGroup;
			children = (
				06577B6D2DCE6BC800FE7BE8 /* FlashcardService.swift */,
			);
			name = Services;
			path = flashcards/Services;
			sourceTree = SOURCE_ROOT;
		};
		06577B712DCE6BDA00FE7BE8 /* Resources */ = {
			isa = PBXGroup;
			children = (
				06577B702DCE6BDA00FE7BE8 /* flashcards.json */,
			);
			name = Resources;
			path = flashcards/Resources;
			sourceTree = SOURCE_ROOT;
		};
/* End PBXGroup section */

/* Begin PBXNativeTarget section */
		0616113A2DCD490A000780AD /* flashcards */ = {
			isa = PBXNativeTarget;
			buildConfigurationList = 061611492DCD490C000780AD /* Build configuration list for PBXNativeTarget "flashcards" */;
			buildPhases = (
				061611372DCD490A000780AD /* Sources */,
				061611382DCD490A000780AD /* Frameworks */,
				061611392DCD490A000780AD /* Resources */,
			);
			buildRules = (
			);
			dependencies = (
			);
			name = flashcards;
			productName = flashcards;
			productReference = 0616113B2DCD490A000780AD /* flashcards.app */;
			productType = "com.apple.product-type.application";
		};
/* End PBXNativeTarget section */

/* Begin PBXProject section */
		061611332DCD490A000780AD /* Project object */ = {
			isa = PBXProject;
			attributes = {
				BuildIndependentTargetsInParallel = 1;
				LastSwiftUpdateCheck = 1540;
				LastUpgradeCheck = 1540;
				TargetAttributes = {
					0616113A2DCD490A000780AD = {
						CreatedOnToolsVersion = 15.4;
					};
				};
			};
			buildConfigurationList = 061611362DCD490A000780AD /* Build configuration list for PBXProject "flashcards" */;
			compatibilityVersion = "Xcode 14.0";
			developmentRegion = en;
			hasScannedForEncodings = 0;
			knownRegions = (
				en,
				Base,
			);
			mainGroup = 061611322DCD490A000780AD;
			productRefGroup = 0616113C2DCD490A000780AD /* Products */;
			projectDirPath = "";
			projectRoot = "";
			targets = (
				0616113A2DCD490A000780AD /* flashcards */,
			);
		};
/* End PBXProject section */

/* Begin PBXResourcesBuildPhase section */
		061611392DCD490A000780AD /* Resources */ = {
			isa = PBXResourcesBuildPhase;
			buildActionMask = 2147483647;
			files = (
				061611462DCD490C000780AD /* Preview Assets.xcassets in Resources */,
				06577B732DCE6E1000FE7BE8 /* flashcards.json in Resources */,
				061611432DCD490C000780AD /* Assets.xcassets in Resources */,
			);
			runOnlyForDeploymentPostprocessing = 0;
		};
/* End PBXResourcesBuildPhase section */

/* Begin PBXSourcesBuildPhase section */
		061611372DCD490A000780AD /* Sources */ = {
			isa = PBXSourcesBuildPhase;
			buildActionMask = 2147483647;
			files = (
				06577B6C2DCE63DB00FE7BE8 /* RoboCardsApp.swift in Sources */,
				06577B6A2DCE63A300FE7BE8 /* FlashcardViewModel.swift in Sources */,
				06577B692DCE63A300FE7BE8 /* FlashcardModel.swift in Sources */,
				06577B6F2DCE6BC800FE7BE8 /* FlashcardService.swift in Sources */,
				06577B682DCE63A300FE7BE8 /* FlashcardView.swift in Sources */,
			);
			runOnlyForDeploymentPostprocessing = 0;
		};
/* End PBXSourcesBuildPhase section */

/* Begin XCBuildConfiguration section */
		061611472DCD490C000780AD /* Debug */ = {
			isa = XCBuildConfiguration;
			buildSettings = {
				ALWAYS_SEARCH_USER_PATHS = NO;
				ASSETCATALOG_COMPILER_GENERATE_SWIFT_ASSET_SYMBOL_EXTENSIONS = YES;
				CLANG_ANALYZER_NONNULL = YES;
				CLANG_ANALYZER_NUMBER_OBJECT_CONVERSION = YES_AGGRESSIVE;
				CLANG_CXX_LANGUAGE_STANDARD = "gnu++20";
				CLANG_ENABLE_MODULES = YES;
				CLANG_ENABLE_OBJC_ARC = YES;
				CLANG_ENABLE_OBJC_WEAK = YES;
				CLANG_WARN_BLOCK_CAPTURE_AUTORELEASING = YES;
				CLANG_WARN_BOOL_CONVERSION = YES;
				CLANG_WARN_COMMA = YES;
				CLANG_WARN_CONSTANT_CONVERSION = YES;
				CLANG_WARN_DEPRECATED_OBJC_IMPLEMENTATIONS = YES;
				CLANG_WARN_DIRECT_OBJC_ISA_USAGE = YES_ERROR;
				CLANG_WARN_DOCUMENTATION_COMMENTS = YES;
				CLANG_WARN_EMPTY_BODY = YES;
				CLANG_WARN_ENUM_CONVERSION = YES;
				CLANG_WARN_INFINITE_RECURSION = YES;
				CLANG_WARN_INT_CONVERSION = YES;
				CLANG_WARN_NON_LITERAL_NULL_CONVERSION = YES;
				CLANG_WARN_OBJC_IMPLICIT_RETAIN_SELF = YES;
				CLANG_WARN_OBJC_LITERAL_CONVERSION = YES;
				CLANG_WARN_OBJC_ROOT_CLASS = YES_ERROR;
				CLANG_WARN_QUOTED_INCLUDE_IN_FRAMEWORK_HEADER = YES;
				CLANG_WARN_RANGE_LOOP_ANALYSIS = YES;
				CLANG_WARN_STRICT_PROTOTYPES = YES;
				CLANG_WARN_SUSPICIOUS_MOVE = YES;
				CLANG_WARN_UNGUARDED_AVAILABILITY = YES_AGGRESSIVE;
				CLANG_WARN_UNREACHABLE_CODE = YES;
				CLANG_WARN__DUPLICATE_METHOD_MATCH = YES;
				COPY_PHASE_STRIP = NO;
				DEBUG_INFORMATION_FORMAT = dwarf;
				ENABLE_STRICT_OBJC_MSGSEND = YES;
				ENABLE_TESTABILITY = YES;
				ENABLE_USER_SCRIPT_SANDBOXING = YES;
				GCC_C_LANGUAGE_STANDARD = gnu17;
				GCC_DYNAMIC_NO_PIC = NO;
				GCC_NO_COMMON_BLOCKS = YES;
				GCC_OPTIMIZATION_LEVEL = 0;
				GCC_PREPROCESSOR_DEFINITIONS = (
					"DEBUG=1",
					"$(inherited)",
				);
				GCC_WARN_64_TO_32_BIT_CONVERSION = YES;
				GCC_WARN_ABOUT_RETURN_TYPE = YES_ERROR;
				GCC_WARN_UNDECLARED_SELECTOR = YES;
				GCC_WARN_UNINITIALIZED_AUTOS = YES_AGGRESSIVE;
				GCC_WARN_UNUSED_FUNCTION = YES;
				GCC_WARN_UNUSED_VARIABLE = YES;
				IPHONEOS_DEPLOYMENT_TARGET = 17.5;
				LOCALIZATION_PREFERS_STRING_CATALOGS = YES;
				MTL_ENABLE_DEBUG_INFO = INCLUDE_SOURCE;
				MTL_FAST_MATH = YES;
				ONLY_ACTIVE_ARCH = YES;
				SDKROOT = iphoneos;
				SWIFT_ACTIVE_COMPILATION_CONDITIONS = "DEBUG $(inherited)";
				SWIFT_OPTIMIZATION_LEVEL = "-Onone";
			};
			name = Debug;
		};
		061611482DCD490C000780AD /* Release */ = {
			isa = XCBuildConfiguration;
			buildSettings = {
				ALWAYS_SEARCH_USER_PATHS = NO;
				ASSETCATALOG_COMPILER_GENERATE_SWIFT_ASSET_SYMBOL_EXTENSIONS = YES;
				CLANG_ANALYZER_NONNULL = YES;
				CLANG_ANALYZER_NUMBER_OBJECT_CONVERSION = YES_AGGRESSIVE;
				CLANG_CXX_LANGUAGE_STANDARD = "gnu++20";
				CLANG_ENABLE_MODULES = YES;
				CLANG_ENABLE_OBJC_ARC = YES;
				CLANG_ENABLE_OBJC_WEAK = YES;
				CLANG_WARN_BLOCK_CAPTURE_AUTORELEASING = YES;
				CLANG_WARN_BOOL_CONVERSION = YES;
				CLANG_WARN_COMMA = YES;
				CLANG_WARN_CONSTANT_CONVERSION = YES;
				CLANG_WARN_DEPRECATED_OBJC_IMPLEMENTATIONS = YES;
				CLANG_WARN_DIRECT_OBJC_ISA_USAGE = YES_ERROR;
				CLANG_WARN_DOCUMENTATION_COMMENTS = YES;
				CLANG_WARN_EMPTY_BODY = YES;
				CLANG_WARN_ENUM_CONVERSION = YES;
				CLANG_WARN_INFINITE_RECURSION = YES;
				CLANG_WARN_INT_CONVERSION = YES;
				CLANG_WARN_NON_LITERAL_NULL_CONVERSION = YES;
				CLANG_WARN_OBJC_IMPLICIT_RETAIN_SELF = YES;
				CLANG_WARN_OBJC_LITERAL_CONVERSION = YES;
				CLANG_WARN_OBJC_ROOT_CLASS = YES_ERROR;
				CLANG_WARN_QUOTED_INCLUDE_IN_FRAMEWORK_HEADER = YES;
				CLANG_WARN_RANGE_LOOP_ANALYSIS = YES;
				CLANG_WARN_STRICT_PROTOTYPES = YES;
				CLANG_WARN_SUSPICIOUS_MOVE = YES;
				CLANG_WARN_UNGUARDED_AVAILABILITY = YES_AGGRESSIVE;
				CLANG_WARN_UNREACHABLE_CODE = YES;
				CLANG_WARN__DUPLICATE_METHOD_MATCH = YES;
				COPY_PHASE_STRIP = NO;
				DEBUG_INFORMATION_FORMAT = "dwarf-with-dsym";
				ENABLE_NS_ASSERTIONS = NO;
				ENABLE_STRICT_OBJC_MSGSEND = YES;
				ENABLE_USER_SCRIPT_SANDBOXING = YES;
				GCC_C_LANGUAGE_STANDARD = gnu17;
				GCC_NO_COMMON_BLOCKS = YES;
				GCC_WARN_64_TO_32_BIT_CONVERSION = YES;
				GCC_WARN_ABOUT_RETURN_TYPE = YES_ERROR;
				GCC_WARN_UNDECLARED_SELECTOR = YES;
				GCC_WARN_UNINITIALIZED_AUTOS = YES_AGGRESSIVE;
				GCC_WARN_UNUSED_FUNCTION = YES;
				GCC_WARN_UNUSED_VARIABLE = YES;
				IPHONEOS_DEPLOYMENT_TARGET = 17.5;
				LOCALIZATION_PREFERS_STRING_CATALOGS = YES;
				MTL_ENABLE_DEBUG_INFO = NO;
				MTL_FAST_MATH = YES;
				SDKROOT = iphoneos;
				SWIFT_COMPILATION_MODE = wholemodule;
				VALIDATE_PRODUCT = YES;
			};
			name = Release;
		};
		0616114A2DCD490C000780AD /* Debug */ = {
			isa = XCBuildConfiguration;
			buildSettings = {
				ASSETCATALOG_COMPILER_APPICON_NAME = AppIcon;
				ASSETCATALOG_COMPILER_GLOBAL_ACCENT_COLOR_NAME = AccentColor;
				CODE_SIGN_STYLE = Automatic;
				CURRENT_PROJECT_VERSION = 1;
				DEVELOPMENT_ASSET_PATHS = "\"flashcards/Preview Content\"";
				ENABLE_PREVIEWS = YES;
				GENERATE_INFOPLIST_FILE = YES;
				INFOPLIST_KEY_UIApplicationSceneManifest_Generation = YES;
				INFOPLIST_KEY_UIApplicationSupportsIndirectInputEvents = YES;
				INFOPLIST_KEY_UILaunchScreen_Generation = YES;
				INFOPLIST_KEY_UISupportedInterfaceOrientations_iPad = "UIInterfaceOrientationPortrait UIInterfaceOrientationPortraitUpsideDown UIInterfaceOrientationLandscapeLeft UIInterfaceOrientationLandscapeRight";
				INFOPLIST_KEY_UISupportedInterfaceOrientations_iPhone = "UIInterfaceOrientationPortrait UIInterfaceOrientationLandscapeLeft UIInterfaceOrientationLandscapeRight";
				LD_RUNPATH_SEARCH_PATHS = (
					"$(inherited)",
					"@executable_path/Frameworks",
				);
				MARKETING_VERSION = 1.0;
				PRODUCT_BUNDLE_IDENTIFIER = mertyildirim.flashcards;
				PRODUCT_NAME = "$(TARGET_NAME)";
				SWIFT_EMIT_LOC_STRINGS = YES;
				SWIFT_VERSION = 5.0;
				TARGETED_DEVICE_FAMILY = "1,2";
			};
			name = Debug;
		};
		0616114B2DCD490C000780AD /* Release */ = {
			isa = XCBuildConfiguration;
			buildSettings = {
				ASSETCATALOG_COMPILER_APPICON_NAME = AppIcon;
				ASSETCATALOG_COMPILER_GLOBAL_ACCENT_COLOR_NAME = AccentColor;
				CODE_SIGN_STYLE = Automatic;
				CURRENT_PROJECT_VERSION = 1;
				DEVELOPMENT_ASSET_PATHS = "\"flashcards/Preview Content\"";
				ENABLE_PREVIEWS = YES;
				GENERATE_INFOPLIST_FILE = YES;
				INFOPLIST_KEY_UIApplicationSceneManifest_Generation = YES;
				INFOPLIST_KEY_UIApplicationSupportsIndirectInputEvents = YES;
				INFOPLIST_KEY_UILaunchScreen_Generation = YES;
				INFOPLIST_KEY_UISupportedInterfaceOrientations_iPad = "UIInterfaceOrientationPortrait UIInterfaceOrientationPortraitUpsideDown UIInterfaceOrientationLandscapeLeft UIInterfaceOrientationLandscapeRight";
				INFOPLIST_KEY_UISupportedInterfaceOrientations_iPhone = "UIInterfaceOrientationPortrait UIInterfaceOrientationLandscapeLeft UIInterfaceOrientationLandscapeRight";
				LD_RUNPATH_SEARCH_PATHS = (
					"$(inherited)",
					"@executable_path/Frameworks",
				);
				MARKETING_VERSION = 1.0;
				PRODUCT_BUNDLE_IDENTIFIER = mertyildirim.flashcards;
				PRODUCT_NAME = "$(TARGET_NAME)";
				SWIFT_EMIT_LOC_STRINGS = YES;
				SWIFT_VERSION = 5.0;
				TARGETED_DEVICE_FAMILY = "1,2";
			};
			name = Release;
		};
/* End XCBuildConfiguration section */

/* Begin XCConfigurationList section */
		061611362DCD490A000780AD /* Build configuration list for PBXProject "flashcards" */ = {
			isa = XCConfigurationList;
			buildConfigurations = (
				061611472DCD490C000780AD /* Debug */,
				061611482DCD490C000780AD /* Release */,
			);
			defaultConfigurationIsVisible = 0;
			defaultConfigurationName = Release;
		};
		061611492DCD490C000780AD /* Build configuration list for PBXNativeTarget "flashcards" */ = {
			isa = XCConfigurationList;
			buildConfigurations = (
				0616114A2DCD490C000780AD /* Debug */,
				0616114B2DCD490C000780AD /* Release */,
			);
			defaultConfigurationIsVisible = 0;
			defaultConfigurationName = Release;
		};
/* End XCConfigurationList section */
	};
	rootObject = 061611332DCD490A000780AD /* Project object */;
}
